
Microsoft Visual Studio Solution File, Format Version 12.00
# Visual Studio Version 16
VisualStudioVersion = 16.0.29001.49
MinimumVisualStudioVersion = 10.0.40219.1
Project("{FAE04EC0-301F-11D3-BF4B-00C04F79EFBC}") = "RedSky.Infrastructure.Data", "RedSky.Infrastructure.Data\RedSky.Infrastructure.Data.csproj", "{484F20AC-EDD7-43F5-881C-B62699BC0A67}"
EndProject
Project("{FAE04EC0-301F-11D3-BF4B-00C04F79EFBC}") = "RedSky.Utilities", "RedSky.Utilities\RedSky.Utilities.csproj", "{0B8BCDB4-9282-4E47-BC96-40F369F2E407}"
EndProject
Project("{2150E333-8FDC-42A3-9474-1A3956D46DE8}") = "2 - Application", "2 - Application", "{A852431E-9B9F-4A09-A231-82DA4F735358}"
EndProject
Project("{FAE04EC0-301F-11D3-BF4B-00C04F79EFBC}") = "RedSky.Domain", "RedSky.Domain\RedSky.Domain.csproj", "{8A408061-8D09-4ED9-9FEA-75A41488BB6E}"
EndProject
Project("{2150E333-8FDC-42A3-9474-1A3956D46DE8}") = "3 - Domain", "3 - Domain", "{1D8FE18E-9BE9-4C24-B251-334130190E1C}"
EndProject
Project("{2150E333-8FDC-42A3-9474-1A3956D46DE8}") = "4 - Infrastructure", "4 - Infrastructure", "{3CF13851-DAC5-4E88-B1EE-67839A2CC050}"
EndProject
Project("{2150E333-8FDC-42A3-9474-1A3956D46DE8}") = "0 - Presentation", "0 - Presentation", "{13F07359-4CDB-4797-925D-F2D1A1FEE7F4}"
EndProject
Project("{2150E333-8FDC-42A3-9474-1A3956D46DE8}") = "Cross-Cutting", "Cross-Cutting", "{2849FCC1-01DB-425C-A450-4175241BE9C6}"
EndProject
Project("{FAE04EC0-301F-11D3-BF4B-00C04F79EFBC}") = "RedSky.Security", "RedSky.Security\RedSky.Security.csproj", "{B74C069F-D763-44A7-A0AE-C3907172081E}"
EndProject
Project("{2150E333-8FDC-42A3-9474-1A3956D46DE8}") = "1 - Services", "1 - Services", "{DBAC156A-376D-4333-87B3-312DDB9DD3C6}"
EndProject
Project("{FAE04EC0-301F-11D3-BF4B-00C04F79EFBC}") = "RedSky.Application", "RedSky.Application\RedSky.Application.csproj", "{77AEBED5-2582-49C2-9E24-58A04733AAF5}"
EndProject
Project("{FAE04EC0-301F-11D3-BF4B-00C04F79EFBC}") = "RedSky.Excel", "RedSky.Excel\RedSky.Excel.csproj", "{ACE6C23D-3C29-4AC9-AA4C-EFC53F99AE02}"
EndProject
Project("{FAE04EC0-301F-11D3-BF4B-00C04F79EFBC}") = "RedSky.Presentation.Web", "RedSky.Presentation.Web\RedSky.Presentation.Web.csproj", "{F882F309-54DB-4359-838D-EBE09678EA1A}"
EndProject
Project("{FAE04EC0-301F-11D3-BF4B-00C04F79EFBC}") = "RedSky.IoC", "RedSky.IoC\RedSky.IoC.csproj", "{97570E71-5243-4016-BC3B-01CBF7538019}"
EndProject
Project("{2150E333-8FDC-42A3-9474-1A3956D46DE8}") = "4.1 - Data", "4.1 - Data", "{3AEFCD17-DC82-407A-BC64-DC1CA5B0CDAC}"
EndProject
Project("{2150E333-8FDC-42A3-9474-1A3956D46DE8}") = "4.2 - External Services", "4.2 - External Services", "{AA4122D4-D01D-4D57-9F97-78C6023406CE}"
EndProject
Project("{FAE04EC0-301F-11D3-BF4B-00C04F79EFBC}") = "RedSky.Infrastructure.NFSe", "RedSky.Infrastructure.NFSe\RedSky.Infrastructure.NFSe.csproj", "{B2498F0F-D1B0-4227-87AA-A97B93C2EC31}"
EndProject
Project("{FAE04EC0-301F-11D3-BF4B-00C04F79EFBC}") = "RedSky.Common", "RedSky.Common\RedSky.Common.csproj", "{CC98D584-29C4-47B9-B0F1-F006101C1EAB}"
EndProject
Project("{FAE04EC0-301F-11D3-BF4B-00C04F79EFBC}") = "RedSky.Exceptions", "RedSky.Exceptions\RedSky.Exceptions.csproj", "{655E32EA-E550-4DAE-A751-323D5897E96C}"
EndProject
Project("{FAE04EC0-301F-11D3-BF4B-00C04F79EFBC}") = "RedSky.Services", "RedSky.Services\RedSky.Services.csproj", "{16AA6A13-524E-4C45-8B5A-16E7AE82C779}"
EndProject
Project("{FAE04EC0-301F-11D3-BF4B-00C04F79EFBC}") = "RedSky.Test", "RedSky.Test\RedSky.Test.csproj", "{F9849123-5909-4FA1-A6BE-F23439A74F46}"
EndProject
Global
	GlobalSection(SolutionConfigurationPlatforms) = preSolution
		Debug|Any CPU = Debug|Any CPU
		Debug|ARM = Debug|ARM
		Debug|iPhone = Debug|iPhone
		Debug|iPhoneSimulator = Debug|iPhoneSimulator
		Debug|x64 = Debug|x64
		Debug|x86 = Debug|x86
		Release|Any CPU = Release|Any CPU
		Release|ARM = Release|ARM
		Release|iPhone = Release|iPhone
		Release|iPhoneSimulator = Release|iPhoneSimulator
		Release|x64 = Release|x64
		Release|x86 = Release|x86
	EndGlobalSection
	GlobalSection(ProjectConfigurationPlatforms) = postSolution
		{484F20AC-EDD7-43F5-881C-B62699BC0A67}.Debug|Any CPU.ActiveCfg = Debug|Any CPU
		{484F20AC-EDD7-43F5-881C-B62699BC0A67}.Debug|Any CPU.Build.0 = Debug|Any CPU
		{484F20AC-EDD7-43F5-881C-B62699BC0A67}.Debug|ARM.ActiveCfg = Debug|Any CPU
		{484F20AC-EDD7-43F5-881C-B62699BC0A67}.Debug|ARM.Build.0 = Debug|Any CPU
		{484F20AC-EDD7-43F5-881C-B62699BC0A67}.Debug|iPhone.ActiveCfg = Debug|Any CPU
		{484F20AC-EDD7-43F5-881C-B62699BC0A67}.Debug|iPhone.Build.0 = Debug|Any CPU
		{484F20AC-EDD7-43F5-881C-B62699BC0A67}.Debug|iPhoneSimulator.ActiveCfg = Debug|Any CPU
		{484F20AC-EDD7-43F5-881C-B62699BC0A67}.Debug|iPhoneSimulator.Build.0 = Debug|Any CPU
		{484F20AC-EDD7-43F5-881C-B62699BC0A67}.Debug|x64.ActiveCfg = Debug|Any CPU
		{484F20AC-EDD7-43F5-881C-B62699BC0A67}.Debug|x64.Build.0 = Debug|Any CPU
		{484F20AC-EDD7-43F5-881C-B62699BC0A67}.Debug|x86.ActiveCfg = Debug|Any CPU
		{484F20AC-EDD7-43F5-881C-B62699BC0A67}.Debug|x86.Build.0 = Debug|Any CPU
		{484F20AC-EDD7-43F5-881C-B62699BC0A67}.Release|Any CPU.ActiveCfg = Release|Any CPU
		{484F20AC-EDD7-43F5-881C-B62699BC0A67}.Release|Any CPU.Build.0 = Release|Any CPU
		{484F20AC-EDD7-43F5-881C-B62699BC0A67}.Release|ARM.ActiveCfg = Release|Any CPU
		{484F20AC-EDD7-43F5-881C-B62699BC0A67}.Release|ARM.Build.0 = Release|Any CPU
		{484F20AC-EDD7-43F5-881C-B62699BC0A67}.Release|iPhone.ActiveCfg = Release|Any CPU
		{484F20AC-EDD7-43F5-881C-B62699BC0A67}.Release|iPhone.Build.0 = Release|Any CPU
		{484F20AC-EDD7-43F5-881C-B62699BC0A67}.Release|iPhoneSimulator.ActiveCfg = Release|Any CPU
		{484F20AC-EDD7-43F5-881C-B62699BC0A67}.Release|iPhoneSimulator.Build.0 = Release|Any CPU
		{484F20AC-EDD7-43F5-881C-B62699BC0A67}.Release|x64.ActiveCfg = Release|Any CPU
		{484F20AC-EDD7-43F5-881C-B62699BC0A67}.Release|x64.Build.0 = Release|Any CPU
		{484F20AC-EDD7-43F5-881C-B62699BC0A67}.Release|x86.ActiveCfg = Release|Any CPU
		{484F20AC-EDD7-43F5-881C-B62699BC0A67}.Release|x86.Build.0 = Release|Any CPU
		{0B8BCDB4-9282-4E47-BC96-40F369F2E407}.Debug|Any CPU.ActiveCfg = Debug|Any CPU
		{0B8BCDB4-9282-4E47-BC96-40F369F2E407}.Debug|Any CPU.Build.0 = Debug|Any CPU
		{0B8BCDB4-9282-4E47-BC96-40F369F2E407}.Debug|ARM.ActiveCfg = Debug|Any CPU
		{0B8BCDB4-9282-4E47-BC96-40F369F2E407}.Debug|ARM.Build.0 = Debug|Any CPU
		{0B8BCDB4-9282-4E47-BC96-40F369F2E407}.Debug|iPhone.ActiveCfg = Debug|Any CPU
		{0B8BCDB4-9282-4E47-BC96-40F369F2E407}.Debug|iPhone.Build.0 = Debug|Any CPU
		{0B8BCDB4-9282-4E47-BC96-40F369F2E407}.Debug|iPhoneSimulator.ActiveCfg = Debug|Any CPU
		{0B8BCDB4-9282-4E47-BC96-40F369F2E407}.Debug|iPhoneSimulator.Build.0 = Debug|Any CPU
		{0B8BCDB4-9282-4E47-BC96-40F369F2E407}.Debug|x64.ActiveCfg = Debug|Any CPU
		{0B8BCDB4-9282-4E47-BC96-40F369F2E407}.Debug|x64.Build.0 = Debug|Any CPU
		{0B8BCDB4-9282-4E47-BC96-40F369F2E407}.Debug|x86.ActiveCfg = Debug|Any CPU
		{0B8BCDB4-9282-4E47-BC96-40F369F2E407}.Debug|x86.Build.0 = Debug|Any CPU
		{0B8BCDB4-9282-4E47-BC96-40F369F2E407}.Release|Any CPU.ActiveCfg = Release|Any CPU
		{0B8BCDB4-9282-4E47-BC96-40F369F2E407}.Release|Any CPU.Build.0 = Release|Any CPU
		{0B8BCDB4-9282-4E47-BC96-40F369F2E407}.Release|ARM.ActiveCfg = Release|Any CPU
		{0B8BCDB4-9282-4E47-BC96-40F369F2E407}.Release|ARM.Build.0 = Release|Any CPU
		{0B8BCDB4-9282-4E47-BC96-40F369F2E407}.Release|iPhone.ActiveCfg = Release|Any CPU
		{0B8BCDB4-9282-4E47-BC96-40F369F2E407}.Release|iPhone.Build.0 = Release|Any CPU
		{0B8BCDB4-9282-4E47-BC96-40F369F2E407}.Release|iPhoneSimulator.ActiveCfg = Release|Any CPU
		{0B8BCDB4-9282-4E47-BC96-40F369F2E407}.Release|iPhoneSimulator.Build.0 = Release|Any CPU
		{0B8BCDB4-9282-4E47-BC96-40F369F2E407}.Release|x64.ActiveCfg = Release|Any CPU
		{0B8BCDB4-9282-4E47-BC96-40F369F2E407}.Release|x64.Build.0 = Release|Any CPU
		{0B8BCDB4-9282-4E47-BC96-40F369F2E407}.Release|x86.ActiveCfg = Release|Any CPU
		{0B8BCDB4-9282-4E47-BC96-40F369F2E407}.Release|x86.Build.0 = Release|Any CPU
		{8A408061-8D09-4ED9-9FEA-75A41488BB6E}.Debug|Any CPU.ActiveCfg = Debug|Any CPU
		{8A408061-8D09-4ED9-9FEA-75A41488BB6E}.Debug|Any CPU.Build.0 = Debug|Any CPU
		{8A408061-8D09-4ED9-9FEA-75A41488BB6E}.Debug|ARM.ActiveCfg = Debug|Any CPU
		{8A408061-8D09-4ED9-9FEA-75A41488BB6E}.Debug|ARM.Build.0 = Debug|Any CPU
		{8A408061-8D09-4ED9-9FEA-75A41488BB6E}.Debug|iPhone.ActiveCfg = Debug|Any CPU
		{8A408061-8D09-4ED9-9FEA-75A41488BB6E}.Debug|iPhone.Build.0 = Debug|Any CPU
		{8A408061-8D09-4ED9-9FEA-75A41488BB6E}.Debug|iPhoneSimulator.ActiveCfg = Debug|Any CPU
		{8A408061-8D09-4ED9-9FEA-75A41488BB6E}.Debug|iPhoneSimulator.Build.0 = Debug|Any CPU
		{8A408061-8D09-4ED9-9FEA-75A41488BB6E}.Debug|x64.ActiveCfg = Debug|Any CPU
		{8A408061-8D09-4ED9-9FEA-75A41488BB6E}.Debug|x64.Build.0 = Debug|Any CPU
		{8A408061-8D09-4ED9-9FEA-75A41488BB6E}.Debug|x86.ActiveCfg = Debug|Any CPU
		{8A408061-8D09-4ED9-9FEA-75A41488BB6E}.Debug|x86.Build.0 = Debug|Any CPU
		{8A408061-8D09-4ED9-9FEA-75A41488BB6E}.Release|Any CPU.ActiveCfg = Release|Any CPU
		{8A408061-8D09-4ED9-9FEA-75A41488BB6E}.Release|Any CPU.Build.0 = Release|Any CPU
		{8A408061-8D09-4ED9-9FEA-75A41488BB6E}.Release|ARM.ActiveCfg = Release|Any CPU
		{8A408061-8D09-4ED9-9FEA-75A41488BB6E}.Release|ARM.Build.0 = Release|Any CPU
		{8A408061-8D09-4ED9-9FEA-75A41488BB6E}.Release|iPhone.ActiveCfg = Release|Any CPU
		{8A408061-8D09-4ED9-9FEA-75A41488BB6E}.Release|iPhone.Build.0 = Release|Any CPU
		{8A408061-8D09-4ED9-9FEA-75A41488BB6E}.Release|iPhoneSimulator.ActiveCfg = Release|Any CPU
		{8A408061-8D09-4ED9-9FEA-75A41488BB6E}.Release|iPhoneSimulator.Build.0 = Release|Any CPU
		{8A408061-8D09-4ED9-9FEA-75A41488BB6E}.Release|x64.ActiveCfg = Release|Any CPU
		{8A408061-8D09-4ED9-9FEA-75A41488BB6E}.Release|x64.Build.0 = Release|Any CPU
		{8A408061-8D09-4ED9-9FEA-75A41488BB6E}.Release|x86.ActiveCfg = Release|Any CPU
		{8A408061-8D09-4ED9-9FEA-75A41488BB6E}.Release|x86.Build.0 = Release|Any CPU
		{B74C069F-D763-44A7-A0AE-C3907172081E}.Debug|Any CPU.ActiveCfg = Debug|Any CPU
		{B74C069F-D763-44A7-A0AE-C3907172081E}.Debug|Any CPU.Build.0 = Debug|Any CPU
		{B74C069F-D763-44A7-A0AE-C3907172081E}.Debug|ARM.ActiveCfg = Debug|Any CPU
		{B74C069F-D763-44A7-A0AE-C3907172081E}.Debug|ARM.Build.0 = Debug|Any CPU
		{B74C069F-D763-44A7-A0AE-C3907172081E}.Debug|iPhone.ActiveCfg = Debug|Any CPU
		{B74C069F-D763-44A7-A0AE-C3907172081E}.Debug|iPhone.Build.0 = Debug|Any CPU
		{B74C069F-D763-44A7-A0AE-C3907172081E}.Debug|iPhoneSimulator.ActiveCfg = Debug|Any CPU
		{B74C069F-D763-44A7-A0AE-C3907172081E}.Debug|iPhoneSimulator.Build.0 = Debug|Any CPU
		{B74C069F-D763-44A7-A0AE-C3907172081E}.Debug|x64.ActiveCfg = Debug|Any CPU
		{B74C069F-D763-44A7-A0AE-C3907172081E}.Debug|x64.Build.0 = Debug|Any CPU
		{B74C069F-D763-44A7-A0AE-C3907172081E}.Debug|x86.ActiveCfg = Debug|Any CPU
		{B74C069F-D763-44A7-A0AE-C3907172081E}.Debug|x86.Build.0 = Debug|Any CPU
		{B74C069F-D763-44A7-A0AE-C3907172081E}.Release|Any CPU.ActiveCfg = Release|Any CPU
		{B74C069F-D763-44A7-A0AE-C3907172081E}.Release|Any CPU.Build.0 = Release|Any CPU
		{B74C069F-D763-44A7-A0AE-C3907172081E}.Release|ARM.ActiveCfg = Release|Any CPU
		{B74C069F-D763-44A7-A0AE-C3907172081E}.Release|ARM.Build.0 = Release|Any CPU
		{B74C069F-D763-44A7-A0AE-C3907172081E}.Release|iPhone.ActiveCfg = Release|Any CPU
		{B74C069F-D763-44A7-A0AE-C3907172081E}.Release|iPhone.Build.0 = Release|Any CPU
		{B74C069F-D763-44A7-A0AE-C3907172081E}.Release|iPhoneSimulator.ActiveCfg = Release|Any CPU
		{B74C069F-D763-44A7-A0AE-C3907172081E}.Release|iPhoneSimulator.Build.0 = Release|Any CPU
		{B74C069F-D763-44A7-A0AE-C3907172081E}.Release|x64.ActiveCfg = Release|Any CPU
		{B74C069F-D763-44A7-A0AE-C3907172081E}.Release|x64.Build.0 = Release|Any CPU
		{B74C069F-D763-44A7-A0AE-C3907172081E}.Release|x86.ActiveCfg = Release|Any CPU
		{B74C069F-D763-44A7-A0AE-C3907172081E}.Release|x86.Build.0 = Release|Any CPU
		{77AEBED5-2582-49C2-9E24-58A04733AAF5}.Debug|Any CPU.ActiveCfg = Debug|Any CPU
		{77AEBED5-2582-49C2-9E24-58A04733AAF5}.Debug|Any CPU.Build.0 = Debug|Any CPU
		{77AEBED5-2582-49C2-9E24-58A04733AAF5}.Debug|ARM.ActiveCfg = Debug|Any CPU
		{77AEBED5-2582-49C2-9E24-58A04733AAF5}.Debug|ARM.Build.0 = Debug|Any CPU
		{77AEBED5-2582-49C2-9E24-58A04733AAF5}.Debug|iPhone.ActiveCfg = Debug|Any CPU
		{77AEBED5-2582-49C2-9E24-58A04733AAF5}.Debug|iPhone.Build.0 = Debug|Any CPU
		{77AEBED5-2582-49C2-9E24-58A04733AAF5}.Debug|iPhoneSimulator.ActiveCfg = Debug|Any CPU
		{77AEBED5-2582-49C2-9E24-58A04733AAF5}.Debug|iPhoneSimulator.Build.0 = Debug|Any CPU
		{77AEBED5-2582-49C2-9E24-58A04733AAF5}.Debug|x64.ActiveCfg = Debug|Any CPU
		{77AEBED5-2582-49C2-9E24-58A04733AAF5}.Debug|x64.Build.0 = Debug|Any CPU
		{77AEBED5-2582-49C2-9E24-58A04733AAF5}.Debug|x86.ActiveCfg = Debug|Any CPU
		{77AEBED5-2582-49C2-9E24-58A04733AAF5}.Debug|x86.Build.0 = Debug|Any CPU
		{77AEBED5-2582-49C2-9E24-58A04733AAF5}.Release|Any CPU.ActiveCfg = Release|Any CPU
		{77AEBED5-2582-49C2-9E24-58A04733AAF5}.Release|Any CPU.Build.0 = Release|Any CPU
		{77AEBED5-2582-49C2-9E24-58A04733AAF5}.Release|ARM.ActiveCfg = Release|Any CPU
		{77AEBED5-2582-49C2-9E24-58A04733AAF5}.Release|ARM.Build.0 = Release|Any CPU
		{77AEBED5-2582-49C2-9E24-58A04733AAF5}.Release|iPhone.ActiveCfg = Release|Any CPU
		{77AEBED5-2582-49C2-9E24-58A04733AAF5}.Release|iPhone.Build.0 = Release|Any CPU
		{77AEBED5-2582-49C2-9E24-58A04733AAF5}.Release|iPhoneSimulator.ActiveCfg = Release|Any CPU
		{77AEBED5-2582-49C2-9E24-58A04733AAF5}.Release|iPhoneSimulator.Build.0 = Release|Any CPU
		{77AEBED5-2582-49C2-9E24-58A04733AAF5}.Release|x64.ActiveCfg = Release|Any CPU
		{77AEBED5-2582-49C2-9E24-58A04733AAF5}.Release|x64.Build.0 = Release|Any CPU
		{77AEBED5-2582-49C2-9E24-58A04733AAF5}.Release|x86.ActiveCfg = Release|Any CPU
		{77AEBED5-2582-49C2-9E24-58A04733AAF5}.Release|x86.Build.0 = Release|Any CPU
		{ACE6C23D-3C29-4AC9-AA4C-EFC53F99AE02}.Debug|Any CPU.ActiveCfg = Debug|Any CPU
		{ACE6C23D-3C29-4AC9-AA4C-EFC53F99AE02}.Debug|Any CPU.Build.0 = Debug|Any CPU
		{ACE6C23D-3C29-4AC9-AA4C-EFC53F99AE02}.Debug|ARM.ActiveCfg = Debug|Any CPU
		{ACE6C23D-3C29-4AC9-AA4C-EFC53F99AE02}.Debug|ARM.Build.0 = Debug|Any CPU
		{ACE6C23D-3C29-4AC9-AA4C-EFC53F99AE02}.Debug|iPhone.ActiveCfg = Debug|Any CPU
		{ACE6C23D-3C29-4AC9-AA4C-EFC53F99AE02}.Debug|iPhone.Build.0 = Debug|Any CPU
		{ACE6C23D-3C29-4AC9-AA4C-EFC53F99AE02}.Debug|iPhoneSimulator.ActiveCfg = Debug|Any CPU
		{ACE6C23D-3C29-4AC9-AA4C-EFC53F99AE02}.Debug|iPhoneSimulator.Build.0 = Debug|Any CPU
		{ACE6C23D-3C29-4AC9-AA4C-EFC53F99AE02}.Debug|x64.ActiveCfg = Debug|Any CPU
		{ACE6C23D-3C29-4AC9-AA4C-EFC53F99AE02}.Debug|x64.Build.0 = Debug|Any CPU
		{ACE6C23D-3C29-4AC9-AA4C-EFC53F99AE02}.Debug|x86.ActiveCfg = Debug|Any CPU
		{ACE6C23D-3C29-4AC9-AA4C-EFC53F99AE02}.Debug|x86.Build.0 = Debug|Any CPU
		{ACE6C23D-3C29-4AC9-AA4C-EFC53F99AE02}.Release|Any CPU.ActiveCfg = Release|Any CPU
		{ACE6C23D-3C29-4AC9-AA4C-EFC53F99AE02}.Release|Any CPU.Build.0 = Release|Any CPU
		{ACE6C23D-3C29-4AC9-AA4C-EFC53F99AE02}.Release|ARM.ActiveCfg = Release|Any CPU
		{ACE6C23D-3C29-4AC9-AA4C-EFC53F99AE02}.Release|ARM.Build.0 = Release|Any CPU
		{ACE6C23D-3C29-4AC9-AA4C-EFC53F99AE02}.Release|iPhone.ActiveCfg = Release|Any CPU
		{ACE6C23D-3C29-4AC9-AA4C-EFC53F99AE02}.Release|iPhone.Build.0 = Release|Any CPU
		{ACE6C23D-3C29-4AC9-AA4C-EFC53F99AE02}.Release|iPhoneSimulator.ActiveCfg = Release|Any CPU
		{ACE6C23D-3C29-4AC9-AA4C-EFC53F99AE02}.Release|iPhoneSimulator.Build.0 = Release|Any CPU
		{ACE6C23D-3C29-4AC9-AA4C-EFC53F99AE02}.Release|x64.ActiveCfg = Release|Any CPU
		{ACE6C23D-3C29-4AC9-AA4C-EFC53F99AE02}.Release|x64.Build.0 = Release|Any CPU
		{ACE6C23D-3C29-4AC9-AA4C-EFC53F99AE02}.Release|x86.ActiveCfg = Release|Any CPU
		{ACE6C23D-3C29-4AC9-AA4C-EFC53F99AE02}.Release|x86.Build.0 = Release|Any CPU
		{F882F309-54DB-4359-838D-EBE09678EA1A}.Debug|Any CPU.ActiveCfg = Debug|Any CPU
		{F882F309-54DB-4359-838D-EBE09678EA1A}.Debug|Any CPU.Build.0 = Debug|Any CPU
		{F882F309-54DB-4359-838D-EBE09678EA1A}.Debug|ARM.ActiveCfg = Debug|Any CPU
		{F882F309-54DB-4359-838D-EBE09678EA1A}.Debug|ARM.Build.0 = Debug|Any CPU
		{F882F309-54DB-4359-838D-EBE09678EA1A}.Debug|iPhone.ActiveCfg = Debug|Any CPU
		{F882F309-54DB-4359-838D-EBE09678EA1A}.Debug|iPhone.Build.0 = Debug|Any CPU
		{F882F309-54DB-4359-838D-EBE09678EA1A}.Debug|iPhoneSimulator.ActiveCfg = Debug|Any CPU
		{F882F309-54DB-4359-838D-EBE09678EA1A}.Debug|iPhoneSimulator.Build.0 = Debug|Any CPU
		{F882F309-54DB-4359-838D-EBE09678EA1A}.Debug|x64.ActiveCfg = Debug|Any CPU
		{F882F309-54DB-4359-838D-EBE09678EA1A}.Debug|x64.Build.0 = Debug|Any CPU
		{F882F309-54DB-4359-838D-EBE09678EA1A}.Debug|x86.ActiveCfg = Debug|Any CPU
		{F882F309-54DB-4359-838D-EBE09678EA1A}.Debug|x86.Build.0 = Debug|Any CPU
		{F882F309-54DB-4359-838D-EBE09678EA1A}.Release|Any CPU.ActiveCfg = Release|Any CPU
		{F882F309-54DB-4359-838D-EBE09678EA1A}.Release|Any CPU.Build.0 = Release|Any CPU
		{F882F309-54DB-4359-838D-EBE09678EA1A}.Release|ARM.ActiveCfg = Release|Any CPU
		{F882F309-54DB-4359-838D-EBE09678EA1A}.Release|ARM.Build.0 = Release|Any CPU
		{F882F309-54DB-4359-838D-EBE09678EA1A}.Release|iPhone.ActiveCfg = Release|Any CPU
		{F882F309-54DB-4359-838D-EBE09678EA1A}.Release|iPhone.Build.0 = Release|Any CPU
		{F882F309-54DB-4359-838D-EBE09678EA1A}.Release|iPhoneSimulator.ActiveCfg = Release|Any CPU
		{F882F309-54DB-4359-838D-EBE09678EA1A}.Release|iPhoneSimulator.Build.0 = Release|Any CPU
		{F882F309-54DB-4359-838D-EBE09678EA1A}.Release|x64.ActiveCfg = Release|Any CPU
		{F882F309-54DB-4359-838D-EBE09678EA1A}.Release|x64.Build.0 = Release|Any CPU
		{F882F309-54DB-4359-838D-EBE09678EA1A}.Release|x86.ActiveCfg = Release|Any CPU
		{F882F309-54DB-4359-838D-EBE09678EA1A}.Release|x86.Build.0 = Release|Any CPU
		{97570E71-5243-4016-BC3B-01CBF7538019}.Debug|Any CPU.ActiveCfg = Debug|Any CPU
		{97570E71-5243-4016-BC3B-01CBF7538019}.Debug|Any CPU.Build.0 = Debug|Any CPU
		{97570E71-5243-4016-BC3B-01CBF7538019}.Debug|ARM.ActiveCfg = Debug|Any CPU
		{97570E71-5243-4016-BC3B-01CBF7538019}.Debug|ARM.Build.0 = Debug|Any CPU
		{97570E71-5243-4016-BC3B-01CBF7538019}.Debug|iPhone.ActiveCfg = Debug|Any CPU
		{97570E71-5243-4016-BC3B-01CBF7538019}.Debug|iPhone.Build.0 = Debug|Any CPU
		{97570E71-5243-4016-BC3B-01CBF7538019}.Debug|iPhoneSimulator.ActiveCfg = Debug|Any CPU
		{97570E71-5243-4016-BC3B-01CBF7538019}.Debug|iPhoneSimulator.Build.0 = Debug|Any CPU
		{97570E71-5243-4016-BC3B-01CBF7538019}.Debug|x64.ActiveCfg = Debug|Any CPU
		{97570E71-5243-4016-BC3B-01CBF7538019}.Debug|x64.Build.0 = Debug|Any CPU
		{97570E71-5243-4016-BC3B-01CBF7538019}.Debug|x86.ActiveCfg = Debug|Any CPU
		{97570E71-5243-4016-BC3B-01CBF7538019}.Debug|x86.Build.0 = Debug|Any CPU
		{97570E71-5243-4016-BC3B-01CBF7538019}.Release|Any CPU.ActiveCfg = Release|Any CPU
		{97570E71-5243-4016-BC3B-01CBF7538019}.Release|Any CPU.Build.0 = Release|Any CPU
		{97570E71-5243-4016-BC3B-01CBF7538019}.Release|ARM.ActiveCfg = Release|Any CPU
		{97570E71-5243-4016-BC3B-01CBF7538019}.Release|ARM.Build.0 = Release|Any CPU
		{97570E71-5243-4016-BC3B-01CBF7538019}.Release|iPhone.ActiveCfg = Release|Any CPU
		{97570E71-5243-4016-BC3B-01CBF7538019}.Release|iPhone.Build.0 = Release|Any CPU
		{97570E71-5243-4016-BC3B-01CBF7538019}.Release|iPhoneSimulator.ActiveCfg = Release|Any CPU
		{97570E71-5243-4016-BC3B-01CBF7538019}.Release|iPhoneSimulator.Build.0 = Release|Any CPU
		{97570E71-5243-4016-BC3B-01CBF7538019}.Release|x64.ActiveCfg = Release|Any CPU
		{97570E71-5243-4016-BC3B-01CBF7538019}.Release|x64.Build.0 = Release|Any CPU
		{97570E71-5243-4016-BC3B-01CBF7538019}.Release|x86.ActiveCfg = Release|Any CPU
		{97570E71-5243-4016-BC3B-01CBF7538019}.Release|x86.Build.0 = Release|Any CPU
		{B2498F0F-D1B0-4227-87AA-A97B93C2EC31}.Debug|Any CPU.ActiveCfg = Debug|Any CPU
		{B2498F0F-D1B0-4227-87AA-A97B93C2EC31}.Debug|Any CPU.Build.0 = Debug|Any CPU
		{B2498F0F-D1B0-4227-87AA-A97B93C2EC31}.Debug|ARM.ActiveCfg = Debug|Any CPU
		{B2498F0F-D1B0-4227-87AA-A97B93C2EC31}.Debug|ARM.Build.0 = Debug|Any CPU
		{B2498F0F-D1B0-4227-87AA-A97B93C2EC31}.Debug|iPhone.ActiveCfg = Debug|Any CPU
		{B2498F0F-D1B0-4227-87AA-A97B93C2EC31}.Debug|iPhone.Build.0 = Debug|Any CPU
		{B2498F0F-D1B0-4227-87AA-A97B93C2EC31}.Debug|iPhoneSimulator.ActiveCfg = Debug|Any CPU
		{B2498F0F-D1B0-4227-87AA-A97B93C2EC31}.Debug|iPhoneSimulator.Build.0 = Debug|Any CPU
		{B2498F0F-D1B0-4227-87AA-A97B93C2EC31}.Debug|x64.ActiveCfg = Debug|Any CPU
		{B2498F0F-D1B0-4227-87AA-A97B93C2EC31}.Debug|x64.Build.0 = Debug|Any CPU
		{B2498F0F-D1B0-4227-87AA-A97B93C2EC31}.Debug|x86.ActiveCfg = Debug|Any CPU
		{B2498F0F-D1B0-4227-87AA-A97B93C2EC31}.Debug|x86.Build.0 = Debug|Any CPU
		{B2498F0F-D1B0-4227-87AA-A97B93C2EC31}.Release|Any CPU.ActiveCfg = Release|Any CPU
		{B2498F0F-D1B0-4227-87AA-A97B93C2EC31}.Release|Any CPU.Build.0 = Release|Any CPU
		{B2498F0F-D1B0-4227-87AA-A97B93C2EC31}.Release|ARM.ActiveCfg = Release|Any CPU
		{B2498F0F-D1B0-4227-87AA-A97B93C2EC31}.Release|ARM.Build.0 = Release|Any CPU
		{B2498F0F-D1B0-4227-87AA-A97B93C2EC31}.Release|iPhone.ActiveCfg = Release|Any CPU
		{B2498F0F-D1B0-4227-87AA-A97B93C2EC31}.Release|iPhone.Build.0 = Release|Any CPU
		{B2498F0F-D1B0-4227-87AA-A97B93C2EC31}.Release|iPhoneSimulator.ActiveCfg = Release|Any CPU
		{B2498F0F-D1B0-4227-87AA-A97B93C2EC31}.Release|iPhoneSimulator.Build.0 = Release|Any CPU
		{B2498F0F-D1B0-4227-87AA-A97B93C2EC31}.Release|x64.ActiveCfg = Release|Any CPU
		{B2498F0F-D1B0-4227-87AA-A97B93C2EC31}.Release|x64.Build.0 = Release|Any CPU
		{B2498F0F-D1B0-4227-87AA-A97B93C2EC31}.Release|x86.ActiveCfg = Release|Any CPU
		{B2498F0F-D1B0-4227-87AA-A97B93C2EC31}.Release|x86.Build.0 = Release|Any CPU
		{CC98D584-29C4-47B9-B0F1-F006101C1EAB}.Debug|Any CPU.ActiveCfg = Debug|Any CPU
		{CC98D584-29C4-47B9-B0F1-F006101C1EAB}.Debug|Any CPU.Build.0 = Debug|Any CPU
		{CC98D584-29C4-47B9-B0F1-F006101C1EAB}.Debug|ARM.ActiveCfg = Debug|Any CPU
		{CC98D584-29C4-47B9-B0F1-F006101C1EAB}.Debug|ARM.Build.0 = Debug|Any CPU
		{CC98D584-29C4-47B9-B0F1-F006101C1EAB}.Debug|iPhone.ActiveCfg = Debug|Any CPU
		{CC98D584-29C4-47B9-B0F1-F006101C1EAB}.Debug|iPhone.Build.0 = Debug|Any CPU
		{CC98D584-29C4-47B9-B0F1-F006101C1EAB}.Debug|iPhoneSimulator.ActiveCfg = Debug|Any CPU
		{CC98D584-29C4-47B9-B0F1-F006101C1EAB}.Debug|iPhoneSimulator.Build.0 = Debug|Any CPU
		{CC98D584-29C4-47B9-B0F1-F006101C1EAB}.Debug|x64.ActiveCfg = Debug|Any CPU
		{CC98D584-29C4-47B9-B0F1-F006101C1EAB}.Debug|x64.Build.0 = Debug|Any CPU
		{CC98D584-29C4-47B9-B0F1-F006101C1EAB}.Debug|x86.ActiveCfg = Debug|Any CPU
		{CC98D584-29C4-47B9-B0F1-F006101C1EAB}.Debug|x86.Build.0 = Debug|Any CPU
		{CC98D584-29C4-47B9-B0F1-F006101C1EAB}.Release|Any CPU.ActiveCfg = Release|Any CPU
		{CC98D584-29C4-47B9-B0F1-F006101C1EAB}.Release|Any CPU.Build.0 = Release|Any CPU
		{CC98D584-29C4-47B9-B0F1-F006101C1EAB}.Release|ARM.ActiveCfg = Release|Any CPU
		{CC98D584-29C4-47B9-B0F1-F006101C1EAB}.Release|ARM.Build.0 = Release|Any CPU
		{CC98D584-29C4-47B9-B0F1-F006101C1EAB}.Release|iPhone.ActiveCfg = Release|Any CPU
		{CC98D584-29C4-47B9-B0F1-F006101C1EAB}.Release|iPhone.Build.0 = Release|Any CPU
		{CC98D584-29C4-47B9-B0F1-F006101C1EAB}.Release|iPhoneSimulator.ActiveCfg = Release|Any CPU
		{CC98D584-29C4-47B9-B0F1-F006101C1EAB}.Release|iPhoneSimulator.Build.0 = Release|Any CPU
		{CC98D584-29C4-47B9-B0F1-F006101C1EAB}.Release|x64.ActiveCfg = Release|Any CPU
		{CC98D584-29C4-47B9-B0F1-F006101C1EAB}.Release|x64.Build.0 = Release|Any CPU
		{CC98D584-29C4-47B9-B0F1-F006101C1EAB}.Release|x86.ActiveCfg = Release|Any CPU
		{CC98D584-29C4-47B9-B0F1-F006101C1EAB}.Release|x86.Build.0 = Release|Any CPU
		{655E32EA-E550-4DAE-A751-323D5897E96C}.Debug|Any CPU.ActiveCfg = Debug|Any CPU
		{655E32EA-E550-4DAE-A751-323D5897E96C}.Debug|Any CPU.Build.0 = Debug|Any CPU
		{655E32EA-E550-4DAE-A751-323D5897E96C}.Debug|ARM.ActiveCfg = Debug|Any CPU
		{655E32EA-E550-4DAE-A751-323D5897E96C}.Debug|ARM.Build.0 = Debug|Any CPU
		{655E32EA-E550-4DAE-A751-323D5897E96C}.Debug|iPhone.ActiveCfg = Debug|Any CPU
		{655E32EA-E550-4DAE-A751-323D5897E96C}.Debug|iPhone.Build.0 = Debug|Any CPU
		{655E32EA-E550-4DAE-A751-323D5897E96C}.Debug|iPhoneSimulator.ActiveCfg = Debug|Any CPU
		{655E32EA-E550-4DAE-A751-323D5897E96C}.Debug|iPhoneSimulator.Build.0 = Debug|Any CPU
		{655E32EA-E550-4DAE-A751-323D5897E96C}.Debug|x64.ActiveCfg = Debug|Any CPU
		{655E32EA-E550-4DAE-A751-323D5897E96C}.Debug|x64.Build.0 = Debug|Any CPU
		{655E32EA-E550-4DAE-A751-323D5897E96C}.Debug|x86.ActiveCfg = Debug|Any CPU
		{655E32EA-E550-4DAE-A751-323D5897E96C}.Debug|x86.Build.0 = Debug|Any CPU
		{655E32EA-E550-4DAE-A751-323D5897E96C}.Release|Any CPU.ActiveCfg = Release|Any CPU
		{655E32EA-E550-4DAE-A751-323D5897E96C}.Release|Any CPU.Build.0 = Release|Any CPU
		{655E32EA-E550-4DAE-A751-323D5897E96C}.Release|ARM.ActiveCfg = Release|Any CPU
		{655E32EA-E550-4DAE-A751-323D5897E96C}.Release|ARM.Build.0 = Release|Any CPU
		{655E32EA-E550-4DAE-A751-323D5897E96C}.Release|iPhone.ActiveCfg = Release|Any CPU
		{655E32EA-E550-4DAE-A751-323D5897E96C}.Release|iPhone.Build.0 = Release|Any CPU
		{655E32EA-E550-4DAE-A751-323D5897E96C}.Release|iPhoneSimulator.ActiveCfg = Release|Any CPU
		{655E32EA-E550-4DAE-A751-323D5897E96C}.Release|iPhoneSimulator.Build.0 = Release|Any CPU
		{655E32EA-E550-4DAE-A751-323D5897E96C}.Release|x64.ActiveCfg = Release|Any CPU
		{655E32EA-E550-4DAE-A751-323D5897E96C}.Release|x64.Build.0 = Release|Any CPU
		{655E32EA-E550-4DAE-A751-323D5897E96C}.Release|x86.ActiveCfg = Release|Any CPU
		{655E32EA-E550-4DAE-A751-323D5897E96C}.Release|x86.Build.0 = Release|Any CPU
		{16AA6A13-524E-4C45-8B5A-16E7AE82C779}.Debug|Any CPU.ActiveCfg = Debug|Any CPU
		{16AA6A13-524E-4C45-8B5A-16E7AE82C779}.Debug|Any CPU.Build.0 = Debug|Any CPU
		{16AA6A13-524E-4C45-8B5A-16E7AE82C779}.Debug|ARM.ActiveCfg = Debug|Any CPU
		{16AA6A13-524E-4C45-8B5A-16E7AE82C779}.Debug|ARM.Build.0 = Debug|Any CPU
		{16AA6A13-524E-4C45-8B5A-16E7AE82C779}.Debug|iPhone.ActiveCfg = Debug|Any CPU
		{16AA6A13-524E-4C45-8B5A-16E7AE82C779}.Debug|iPhone.Build.0 = Debug|Any CPU
		{16AA6A13-524E-4C45-8B5A-16E7AE82C779}.Debug|iPhoneSimulator.ActiveCfg = Debug|Any CPU
		{16AA6A13-524E-4C45-8B5A-16E7AE82C779}.Debug|iPhoneSimulator.Build.0 = Debug|Any CPU
		{16AA6A13-524E-4C45-8B5A-16E7AE82C779}.Debug|x64.ActiveCfg = Debug|Any CPU
		{16AA6A13-524E-4C45-8B5A-16E7AE82C779}.Debug|x64.Build.0 = Debug|Any CPU
		{16AA6A13-524E-4C45-8B5A-16E7AE82C779}.Debug|x86.ActiveCfg = Debug|Any CPU
		{16AA6A13-524E-4C45-8B5A-16E7AE82C779}.Debug|x86.Build.0 = Debug|Any CPU
		{16AA6A13-524E-4C45-8B5A-16E7AE82C779}.Release|Any CPU.ActiveCfg = Release|Any CPU
		{16AA6A13-524E-4C45-8B5A-16E7AE82C779}.Release|Any CPU.Build.0 = Release|Any CPU
		{16AA6A13-524E-4C45-8B5A-16E7AE82C779}.Release|ARM.ActiveCfg = Release|Any CPU
		{16AA6A13-524E-4C45-8B5A-16E7AE82C779}.Release|ARM.Build.0 = Release|Any CPU
		{16AA6A13-524E-4C45-8B5A-16E7AE82C779}.Release|iPhone.ActiveCfg = Release|Any CPU
		{16AA6A13-524E-4C45-8B5A-16E7AE82C779}.Release|iPhone.Build.0 = Release|Any CPU
		{16AA6A13-524E-4C45-8B5A-16E7AE82C779}.Release|iPhoneSimulator.ActiveCfg = Release|Any CPU
		{16AA6A13-524E-4C45-8B5A-16E7AE82C779}.Release|iPhoneSimulator.Build.0 = Release|Any CPU
		{16AA6A13-524E-4C45-8B5A-16E7AE82C779}.Release|x64.ActiveCfg = Release|Any CPU
		{16AA6A13-524E-4C45-8B5A-16E7AE82C779}.Release|x64.Build.0 = Release|Any CPU
		{16AA6A13-524E-4C45-8B5A-16E7AE82C779}.Release|x86.ActiveCfg = Release|Any CPU
		{16AA6A13-524E-4C45-8B5A-16E7AE82C779}.Release|x86.Build.0 = Release|Any CPU
		{F9849123-5909-4FA1-A6BE-F23439A74F46}.Debug|Any CPU.ActiveCfg = Debug|Any CPU
		{F9849123-5909-4FA1-A6BE-F23439A74F46}.Debug|Any CPU.Build.0 = Debug|Any CPU
		{F9849123-5909-4FA1-A6BE-F23439A74F46}.Debug|ARM.ActiveCfg = Debug|Any CPU
		{F9849123-5909-4FA1-A6BE-F23439A74F46}.Debug|ARM.Build.0 = Debug|Any CPU
		{F9849123-5909-4FA1-A6BE-F23439A74F46}.Debug|iPhone.ActiveCfg = Debug|Any CPU
		{F9849123-5909-4FA1-A6BE-F23439A74F46}.Debug|iPhone.Build.0 = Debug|Any CPU
		{F9849123-5909-4FA1-A6BE-F23439A74F46}.Debug|iPhoneSimulator.ActiveCfg = Debug|Any CPU
		{F9849123-5909-4FA1-A6BE-F23439A74F46}.Debug|iPhoneSimulator.Build.0 = Debug|Any CPU
		{F9849123-5909-4FA1-A6BE-F23439A74F46}.Debug|x64.ActiveCfg = Debug|Any CPU
		{F9849123-5909-4FA1-A6BE-F23439A74F46}.Debug|x64.Build.0 = Debug|Any CPU
		{F9849123-5909-4FA1-A6BE-F23439A74F46}.Debug|x86.ActiveCfg = Debug|Any CPU
		{F9849123-5909-4FA1-A6BE-F23439A74F46}.Debug|x86.Build.0 = Debug|Any CPU
		{F9849123-5909-4FA1-A6BE-F23439A74F46}.Release|Any CPU.ActiveCfg = Release|Any CPU
		{F9849123-5909-4FA1-A6BE-F23439A74F46}.Release|Any CPU.Build.0 = Release|Any CPU
		{F9849123-5909-4FA1-A6BE-F23439A74F46}.Release|ARM.ActiveCfg = Release|Any CPU
		{F9849123-5909-4FA1-A6BE-F23439A74F46}.Release|ARM.Build.0 = Release|Any CPU
		{F9849123-5909-4FA1-A6BE-F23439A74F46}.Release|iPhone.ActiveCfg = Release|Any CPU
		{F9849123-5909-4FA1-A6BE-F23439A74F46}.Release|iPhone.Build.0 = Release|Any CPU
		{F9849123-5909-4FA1-A6BE-F23439A74F46}.Release|iPhoneSimulator.ActiveCfg = Release|Any CPU
		{F9849123-5909-4FA1-A6BE-F23439A74F46}.Release|iPhoneSimulator.Build.0 = Release|Any CPU
		{F9849123-5909-4FA1-A6BE-F23439A74F46}.Release|x64.ActiveCfg = Release|Any CPU
		{F9849123-5909-4FA1-A6BE-F23439A74F46}.Release|x64.Build.0 = Release|Any CPU
		{F9849123-5909-4FA1-A6BE-F23439A74F46}.Release|x86.ActiveCfg = Release|Any CPU
		{F9849123-5909-4FA1-A6BE-F23439A74F46}.Release|x86.Build.0 = Release|Any CPU
	EndGlobalSection
	GlobalSection(SolutionProperties) = preSolution
		HideSolutionNode = FALSE
	EndGlobalSection
	GlobalSection(NestedProjects) = preSolution
		{484F20AC-EDD7-43F5-881C-B62699BC0A67} = {3AEFCD17-DC82-407A-BC64-DC1CA5B0CDAC}
		{0B8BCDB4-9282-4E47-BC96-40F369F2E407} = {2849FCC1-01DB-425C-A450-4175241BE9C6}
		{8A408061-8D09-4ED9-9FEA-75A41488BB6E} = {1D8FE18E-9BE9-4C24-B251-334130190E1C}
		{B74C069F-D763-44A7-A0AE-C3907172081E} = {2849FCC1-01DB-425C-A450-4175241BE9C6}
		{77AEBED5-2582-49C2-9E24-58A04733AAF5} = {A852431E-9B9F-4A09-A231-82DA4F735358}
		{ACE6C23D-3C29-4AC9-AA4C-EFC53F99AE02} = {2849FCC1-01DB-425C-A450-4175241BE9C6}
		{F882F309-54DB-4359-838D-EBE09678EA1A} = {13F07359-4CDB-4797-925D-F2D1A1FEE7F4}
		{97570E71-5243-4016-BC3B-01CBF7538019} = {2849FCC1-01DB-425C-A450-4175241BE9C6}
		{3AEFCD17-DC82-407A-BC64-DC1CA5B0CDAC} = {3CF13851-DAC5-4E88-B1EE-67839A2CC050}
		{AA4122D4-D01D-4D57-9F97-78C6023406CE} = {3CF13851-DAC5-4E88-B1EE-67839A2CC050}
		{B2498F0F-D1B0-4227-87AA-A97B93C2EC31} = {AA4122D4-D01D-4D57-9F97-78C6023406CE}
		{CC98D584-29C4-47B9-B0F1-F006101C1EAB} = {2849FCC1-01DB-425C-A450-4175241BE9C6}
		{655E32EA-E550-4DAE-A751-323D5897E96C} = {2849FCC1-01DB-425C-A450-4175241BE9C6}
		{16AA6A13-524E-4C45-8B5A-16E7AE82C779} = {DBAC156A-376D-4333-87B3-312DDB9DD3C6}
		{F9849123-5909-4FA1-A6BE-F23439A74F46} = {2849FCC1-01DB-425C-A450-4175241BE9C6}
	EndGlobalSection
	GlobalSection(ExtensibilityGlobals) = postSolution
		SolutionGuid = {B15EC231-3F00-4298-953F-2B052565B5DE}
	EndGlobalSection
EndGlobal
